
Microsoft Visual Studio Solution File, Format Version 12.00
# Visual Studio Version 16
VisualStudioVersion = 25.0.1706.1
MinimumVisualStudioVersion = 10.0.40219.1
Project("{FAE04EC0-301F-11D3-BF4B-00C04F79EFBC}") = "QuoteOfTheDay", "QuoteOfTheDay.csproj", "{D4A386BF-C73A-4D5E-A98D-0D3750100EC0}"
EndProject
Global
	GlobalSection(SolutionConfigurationPlatforms) = preSolution
		Debug|Any CPU = Debug|Any CPU
		Release|Any CPU = Release|Any CPU
	EndGlobalSection
	GlobalSection(ProjectConfigurationPlatforms) = postSolution
		{D4A386BF-C73A-4D5E-A98D-0D3750100EC0}.Debug|Any CPU.ActiveCfg = Debug|Any CPU
		{D4A386BF-C73A-4D5E-A98D-0D3750100EC0}.Debug|Any CPU.Build.0 = Debug|Any CPU
		{D4A386BF-C73A-4D5E-A98D-0D3750100EC0}.Release|Any CPU.ActiveCfg = Release|Any CPU
		{D4A386BF-C73A-4D5E-A98D-0D3750100EC0}.Release|Any CPU.Build.0 = Release|Any CPU
	EndGlobalSection
	GlobalSection(SolutionProperties) = preSolution
		HideSolutionNode = FALSE
	EndGlobalSection
	GlobalSection(ExtensibilityGlobals) = postSolution
		SolutionGuid = {6C54A906-AA61-4982-93D5-ED543B30B25F}
	EndGlobalSection
EndGlobal
